
Microsoft Visual Studio Solution File, Format Version 12.00
# Visual Studio 15
VisualStudioVersion = 15.0.26730.16
MinimumVisualStudioVersion = 10.0.40219.1
Project("{FAE04EC0-301F-11D3-BF4B-00C04F79EFBC}") = "ArrayVsArrayList", "ArrayVsArrayList\ArrayVsArrayList.csproj", "{9CFA2D41-B52D-4B90-92FE-DB35713F62DF}"
EndProject
Global
	GlobalSection(SolutionConfigurationPlatforms) = preSolution
		Debug|Any CPU = Debug|Any CPU
		Release|Any CPU = Release|Any CPU
	EndGlobalSection
	GlobalSection(ProjectConfigurationPlatforms) = postSolution
		{9CFA2D41-B52D-4B90-92FE-DB35713F62DF}.Debug|Any CPU.ActiveCfg = Debug|Any CPU
		{9CFA2D41-B52D-4B90-92FE-DB35713F62DF}.Debug|Any CPU.Build.0 = Debug|Any CPU
		{9CFA2D41-B52D-4B90-92FE-DB35713F62DF}.Release|Any CPU.ActiveCfg = Release|Any CPU
		{9CFA2D41-B52D-4B90-92FE-DB35713F62DF}.Release|Any CPU.Build.0 = Release|Any CPU
	EndGlobalSection
	GlobalSection(SolutionProperties) = preSolution
		HideSolutionNode = FALSE
	EndGlobalSection
	GlobalSection(ExtensibilityGlobals) = postSolution
		SolutionGuid = {32677C5D-3D28-4B54-946D-798DB98C247B}
	EndGlobalSection
EndGlobal
